<?xml version="1.0" encoding="utf-8"?>
<Project ToolsVersion="4.0" xmlns="http://schemas.microsoft.com/developer/msbuild/2003">
  <ItemGroup>
    <Filter Include="源文件">
      <UniqueIdentifier>{4FC737F1-C7A5-4376-A066-2A32D752A2FF}</UniqueIdentifier>
      <Extensions>cpp;c;cc;cxx;c++;cppm;ixx;def;odl;idl;hpj;bat;asm;asmx</Extensions>
    </Filter>
    <Filter Include="头文件">
      <UniqueIdentifier>{93995380-89BD-4b04-88EB-625FBE52EBFB}</UniqueIdentifier>
      <Extensions>h;hh;hpp;hxx;h++;hm;inl;inc;ipp;xsd</Extensions>
    </Filter>
    <Filter Include="资源文件">
      <UniqueIdentifier>{67DA6AB6-F800-4c08-8B7A-83BB121AAD01}</UniqueIdentifier>
      <Extensions>rc;ico;cur;bmp;dlg;rc2;rct;bin;rgs;gif;jpg;jpeg;jpe;resx;tiff;tif;png;wav;mfcribbon-ms</Extensions>
    </Filter>
    <Filter Include="头文件\CaptureModule">
      <UniqueIdentifier>{0471da0e-0372-4700-8f2c-409cc9f0a998}</UniqueIdentifier>
    </Filter>
    <Filter Include="源文件\CaptureModule">
      <UniqueIdentifier>{747dbba9-7fea-4e1a-a4a0-ebe4e38bb8a1}</UniqueIdentifier>
    </Filter>
    <Filter Include="头文件\DetectionModule">
      <UniqueIdentifier>{fbd45445-5fc7-444a-b8e3-dc78e0f757bf}</UniqueIdentifier>
    </Filter>
    <Filter Include="源文件\DetectionModule">
      <UniqueIdentifier>{cfe43279-7fd6-4b2b-90d3-a78722489443}</UniqueIdentifier>
    </Filter>
    <Filter Include="源文件\ActionModule">
      <UniqueIdentifier>{1a3090d3-83fc-42d8-852a-8cf09ebf827c}</UniqueIdentifier>
    </Filter>
    <Filter Include="头文件\ActionModule">
      <UniqueIdentifier>{1cc6809f-c934-42ad-9125-c604fcba4b7e}</UniqueIdentifier>
    </Filter>
  </ItemGroup>
  <ItemGroup>
    <ClInclude Include="IFrameCapture.h">
      <Filter>头文件\CaptureModule</Filter>
    </ClInclude>
    <ClInclude Include="RingBuffer.h">
      <Filter>头文件\CaptureModule</Filter>
    </ClInclude>
    <ClInclude Include="ScreenCaptureWindows.h">
      <Filter>头文件\CaptureModule</Filter>
    </ClInclude>
    <ClInclude Include="CaptureFactory.h">
      <Filter>头文件\CaptureModule</Filter>
    </ClInclude>
    <ClInclude Include="CaptureRegistry.h">
      <Filter>头文件\CaptureModule</Filter>
    </ClInclude>
    <ClInclude Include="DetectionResult.h">
      <Filter>头文件\DetectionModule</Filter>
    </ClInclude>
    <ClInclude Include="YOLODetector.h">
      <Filter>头文件\DetectionModule</Filter>
    </ClInclude>
    <ClInclude Include="DetectionModule.h">
      <Filter>头文件\DetectionModule</Filter>
    </ClInclude>
    <ClInclude Include="inference.h">
      <Filter>头文件\DetectionModule</Filter>
    </ClInclude>
    <ClInclude Include="ActionModule.h">
      <Filter>头文件\ActionModule</Filter>
    </ClInclude>
    <ClInclude Include="HumanLikeMovement.h">
      <Filter>头文件\ActionModule</Filter>
    </ClInclude>
    <ClInclude Include="MouseController.h">
      <Filter>头文件\ActionModule</Filter>
    </ClInclude>
    <ClInclude Include="PredictionModule.h">
      <Filter>头文件\ActionModule</Filter>
    </ClInclude>
    <ClInclude Include="WindowsMouseController.h">
      <Filter>头文件\ActionModule</Filter>
    </ClInclude>
    <ClInclude Include="NetworkStreamCapture.h">
      <Filter>头文件\CaptureModule</Filter>
    </ClInclude>
    <ClInclude Include="KmboxNetMouseController.h">
      <Filter>头文件\ActionModule</Filter>
    </ClInclude>
    <ClInclude Include="kmboxNet.h">
      <Filter>头文件\ActionModule</Filter>
    </ClInclude>
    <ClInclude Include="HidTable.h">
      <Filter>头文件\ActionModule</Filter>
    </ClInclude>
    <ClInclude Include="my_enc.h">
      <Filter>头文件\ActionModule</Filter>
    </ClInclude>
  </ItemGroup>
  <ItemGroup>
    <ClCompile Include="CaptureFactory.cpp">
      <Filter>源文件\CaptureModule</Filter>
    </ClCompile>
    <ClCompile Include="CaptureRegistry.cpp">
      <Filter>源文件\CaptureModule</Filter>
    </ClCompile>
    <ClCompile Include="ScreenCaptureWindows.cpp">
      <Filter>源文件\CaptureModule</Filter>
    </ClCompile>
    <ClCompile Include="main.cpp">
      <Filter>源文件</Filter>
    </ClCompile>
    <ClCompile Include="YOLODetector.cpp">
      <Filter>源文件\DetectionModule</Filter>
    </ClCompile>
    <ClCompile Include="DetectionModule.cpp">
      <Filter>源文件\DetectionModule</Filter>
    </ClCompile>
    <ClCompile Include="inference.cpp">
      <Filter>源文件\DetectionModule</Filter>
    </ClCompile>
    <ClCompile Include="ActionModule.cpp">
      <Filter>源文件\ActionModule</Filter>
    </ClCompile>
    <ClCompile Include="HumanLikeMovement.cpp">
      <Filter>源文件\ActionModule</Filter>
    </ClCompile>
    <ClCompile Include="PredictionModule.cpp">
      <Filter>源文件\ActionModule</Filter>
    </ClCompile>
    <ClCompile Include="WindowsMouseController.cpp">
      <Filter>源文件\ActionModule</Filter>
    </ClCompile>
    <ClCompile Include="NetworkStreamCapture.cpp">
      <Filter>源文件\CaptureModule</Filter>
    </ClCompile>
    <ClCompile Include="KmboxNetMouseController.cpp">
      <Filter>源文件\ActionModule</Filter>
    </ClCompile>
    <ClCompile Include="kmboxNet.cpp">
      <Filter>源文件\ActionModule</Filter>
    </ClCompile>
    <ClCompile Include="my_enc.cpp">
      <Filter>源文件\ActionModule</Filter>
    </ClCompile>
  </ItemGroup>
</Project>